<?xml version="1.0" encoding="utf-8"?>
<Project ToolsVersion="4.0" xmlns="http://schemas.microsoft.com/developer/msbuild/2003">
  <ItemGroup>
    <ClCompile Include="Quat.cpp">
      <Filter>My Stuff</Filter>
    </ClCompile>
    <ClCompile Include="App\app.cpp">
      <Filter>Ubisoft Stuff</Filter>
    </ClCompile>
    <ClCompile Include="GameTest.cpp">
      <Filter>Ubisoft Stuff</Filter>
    </ClCompile>
    <ClCompile Include="App\main.cpp">
      <Filter>Ubisoft Stuff</Filter>
    </ClCompile>
    <ClCompile Include="App\SimpleController.cpp">
      <Filter>Ubisoft Stuff</Filter>
    </ClCompile>
    <ClCompile Include="App\SimpleSound.cpp">
      <Filter>Ubisoft Stuff</Filter>
    </ClCompile>
    <ClCompile Include="App\SimpleSprite.cpp">
      <Filter>Ubisoft Stuff</Filter>
    </ClCompile>
    <ClCompile Include="stdafx.cpp">
      <Filter>Ubisoft Stuff</Filter>
    </ClCompile>
    <ClCompile Include="App\TextureLoader.cpp">
      <Filter>Ubisoft Stuff</Filter>
    </ClCompile>
    <ClCompile Include="Mat4.cpp">
      <Filter>My Stuff</Filter>
    </ClCompile>
    <ClCompile Include="GameObject.cpp">
      <Filter>My Stuff</Filter>
    </ClCompile>
    <ClCompile Include="ObjectPool.cpp">
      <Filter>My Stuff</Filter>
    </ClCompile>
    <ClCompile Include="Component.cpp">
      <Filter>My Stuff\Component</Filter>
    </ClCompile>
    <ClCompile Include="Transformer.cpp">
      <Filter>My Stuff\Component</Filter>
    </ClCompile>
    <ClCompile Include="Gravity.cpp">
      <Filter>My Stuff\Component</Filter>
    </ClCompile>
    <ClCompile Include="Physics.cpp">
      <Filter>My Stuff\Component</Filter>
    </ClCompile>
  </ItemGroup>
  <ItemGroup>
    <ClInclude Include="Utilities.h">
      <Filter>My Stuff</Filter>
    </ClInclude>
    <ClInclude Include="Quat.h">
      <Filter>My Stuff</Filter>
    </ClInclude>
    <ClInclude Include="App\app.h">
      <Filter>Ubisoft Stuff</Filter>
    </ClInclude>
    <ClInclude Include="App\AppSettings.h">
      <Filter>Ubisoft Stuff</Filter>
    </ClInclude>
    <ClInclude Include="App\main.h">
      <Filter>Ubisoft Stuff</Filter>
    </ClInclude>
    <ClInclude Include="App\SimpleController.h">
      <Filter>Ubisoft Stuff</Filter>
    </ClInclude>
    <ClInclude Include="App\SimpleSound.h">
      <Filter>Ubisoft Stuff</Filter>
    </ClInclude>
    <ClInclude Include="App\SimpleSprite.h">
      <Filter>Ubisoft Stuff</Filter>
    </ClInclude>
    <ClInclude Include="stdafx.h">
      <Filter>Ubisoft Stuff</Filter>
    </ClInclude>
    <ClInclude Include="targetver.h">
      <Filter>Ubisoft Stuff</Filter>
    </ClInclude>
    <ClInclude Include="App\TextureLoader.h">
      <Filter>Ubisoft Stuff</Filter>
    </ClInclude>
    <ClInclude Include="Mat4.h">
      <Filter>My Stuff</Filter>
    </ClInclude>
    <ClInclude Include="GameObject.h">
      <Filter>My Stuff</Filter>
    </ClInclude>
    <ClInclude Include="ObjectPool.h">
      <Filter>My Stuff</Filter>
    </ClInclude>
    <ClInclude Include="Component.h">
      <Filter>My Stuff\Component</Filter>
    </ClInclude>
    <ClInclude Include="Transformer.h">
      <Filter>My Stuff\Component</Filter>
    </ClInclude>
    <ClInclude Include="Physics.h">
      <Filter>My Stuff\Component</Filter>
    </ClInclude>
    <ClInclude Include="Gravity.h">
      <Filter>My Stuff\Component</Filter>
    </ClInclude>
  </ItemGroup>
  <ItemGroup>
    <Filter Include="My Stuff">
      <UniqueIdentifier>{58900196-f321-4e36-af1d-8ba16263af14}</UniqueIdentifier>
    </Filter>
    <Filter Include="Ubisoft Stuff">
      <UniqueIdentifier>{eea05ec7-9319-4e85-b7ee-6208f6866b02}</UniqueIdentifier>
    </Filter>
    <Filter Include="My Stuff\Component">
      <UniqueIdentifier>{48df9f2d-64f5-4c1f-8ee5-7b764b941da6}</UniqueIdentifier>
    </Filter>
  </ItemGroup>
  <ItemGroup>
    <Text Include="ReadMe.txt">
      <Filter>Ubisoft Stuff</Filter>
    </Text>
  </ItemGroup>
</Project>